
Microsoft Visual Studio Solution File, Format Version 12.00
# Visual Studio 15
VisualStudioVersion = 15.0.28307.1433
MinimumVisualStudioVersion = 10.0.40219.1
Project("{FAE04EC0-301F-11D3-BF4B-00C04F79EFBC}") = "Week4_1", "Week4.1\Week4_1.csproj", "{F57AE99C-BF3B-48F0-8420-3B26F36512E7}"
EndProject
Global
	GlobalSection(SolutionConfigurationPlatforms) = preSolution
		Debug|Any CPU = Debug|Any CPU
		Release|Any CPU = Release|Any CPU
	EndGlobalSection
	GlobalSection(ProjectConfigurationPlatforms) = postSolution
		{F57AE99C-BF3B-48F0-8420-3B26F36512E7}.Debug|Any CPU.ActiveCfg = Debug|Any CPU
		{F57AE99C-BF3B-48F0-8420-3B26F36512E7}.Debug|Any CPU.Build.0 = Debug|Any CPU
		{F57AE99C-BF3B-48F0-8420-3B26F36512E7}.Release|Any CPU.ActiveCfg = Release|Any CPU
		{F57AE99C-BF3B-48F0-8420-3B26F36512E7}.Release|Any CPU.Build.0 = Release|Any CPU
	EndGlobalSection
	GlobalSection(SolutionProperties) = preSolution
		HideSolutionNode = FALSE
	EndGlobalSection
	GlobalSection(ExtensibilityGlobals) = postSolution
		SolutionGuid = {31B50586-4C1F-47DC-B5DA-64D8D9476DF8}
	EndGlobalSection
EndGlobal
